
Microsoft Visual Studio Solution File, Format Version 12.00
# Visual Studio Version 16
VisualStudioVersion = 16.0.30114.105
MinimumVisualStudioVersion = 10.0.40219.1
Project("{FAE04EC0-301F-11D3-BF4B-00C04F79EFBC}") = "JooleMVC", "Joole\JooleMVC.csproj", "{EFD9796F-CFAE-444E-A0FE-E8CEAE6E136A}"
EndProject
Project("{FAE04EC0-301F-11D3-BF4B-00C04F79EFBC}") = "JooleCore", "JooleCore\JooleCore.csproj", "{252CE801-3BA1-4544-83AC-5DB17E3E5DDE}"
EndProject
Global
	GlobalSection(SolutionConfigurationPlatforms) = preSolution
		Debug|Any CPU = Debug|Any CPU
		Release|Any CPU = Release|Any CPU
	EndGlobalSection
	GlobalSection(ProjectConfigurationPlatforms) = postSolution
		{EFD9796F-CFAE-444E-A0FE-E8CEAE6E136A}.Debug|Any CPU.ActiveCfg = Debug|Any CPU
		{EFD9796F-CFAE-444E-A0FE-E8CEAE6E136A}.Debug|Any CPU.Build.0 = Debug|Any CPU
		{EFD9796F-CFAE-444E-A0FE-E8CEAE6E136A}.Release|Any CPU.ActiveCfg = Release|Any CPU
		{EFD9796F-CFAE-444E-A0FE-E8CEAE6E136A}.Release|Any CPU.Build.0 = Release|Any CPU
		{252CE801-3BA1-4544-83AC-5DB17E3E5DDE}.Debug|Any CPU.ActiveCfg = Debug|Any CPU
		{252CE801-3BA1-4544-83AC-5DB17E3E5DDE}.Debug|Any CPU.Build.0 = Debug|Any CPU
		{252CE801-3BA1-4544-83AC-5DB17E3E5DDE}.Release|Any CPU.ActiveCfg = Release|Any CPU
		{252CE801-3BA1-4544-83AC-5DB17E3E5DDE}.Release|Any CPU.Build.0 = Release|Any CPU
	EndGlobalSection
	GlobalSection(SolutionProperties) = preSolution
		HideSolutionNode = FALSE
	EndGlobalSection
	GlobalSection(ExtensibilityGlobals) = postSolution
		SolutionGuid = {F78D4E19-E772-4566-BC5B-23C19E74AE7A}
	EndGlobalSection
EndGlobal
